
Microsoft Visual Studio Solution File, Format Version 12.00
# Visual Studio Version 16
VisualStudioVersion = 16.0.28803.352
MinimumVisualStudioVersion = 10.0.40219.1
Project("{FAE04EC0-301F-11D3-BF4B-00C04F79EFBC}") = "WaitingRoom.API", "WaitingRoom.API\WaitingRoom.API.csproj", "{28304F6B-7B2D-4F2A-A977-259217B8D404}"
EndProject
Project("{00D1A9C2-B5F0-4AF3-8072-F6C62B433612}") = "WaitingRoomDB", "WaitingRoomDB\WaitingRoomDB.sqlproj", "{6CC82DA3-276B-4651-A81B-AD26A997A181}"
EndProject
Project("{FAE04EC0-301F-11D3-BF4B-00C04F79EFBC}") = "DataModel", "DataModel\DataModel.csproj", "{F99097BC-A437-49A7-8901-2F68D734BECC}"
EndProject
Global
	GlobalSection(SolutionConfigurationPlatforms) = preSolution
		Debug|Any CPU = Debug|Any CPU
		Release|Any CPU = Release|Any CPU
	EndGlobalSection
	GlobalSection(ProjectConfigurationPlatforms) = postSolution
		{28304F6B-7B2D-4F2A-A977-259217B8D404}.Debug|Any CPU.ActiveCfg = Debug|Any CPU
		{28304F6B-7B2D-4F2A-A977-259217B8D404}.Debug|Any CPU.Build.0 = Debug|Any CPU
		{28304F6B-7B2D-4F2A-A977-259217B8D404}.Release|Any CPU.ActiveCfg = Release|Any CPU
		{28304F6B-7B2D-4F2A-A977-259217B8D404}.Release|Any CPU.Build.0 = Release|Any CPU
		{6CC82DA3-276B-4651-A81B-AD26A997A181}.Debug|Any CPU.ActiveCfg = Debug|Any CPU
		{6CC82DA3-276B-4651-A81B-AD26A997A181}.Debug|Any CPU.Build.0 = Debug|Any CPU
		{6CC82DA3-276B-4651-A81B-AD26A997A181}.Debug|Any CPU.Deploy.0 = Debug|Any CPU
		{6CC82DA3-276B-4651-A81B-AD26A997A181}.Release|Any CPU.ActiveCfg = Release|Any CPU
		{6CC82DA3-276B-4651-A81B-AD26A997A181}.Release|Any CPU.Build.0 = Release|Any CPU
		{6CC82DA3-276B-4651-A81B-AD26A997A181}.Release|Any CPU.Deploy.0 = Release|Any CPU
		{F99097BC-A437-49A7-8901-2F68D734BECC}.Debug|Any CPU.ActiveCfg = Debug|Any CPU
		{F99097BC-A437-49A7-8901-2F68D734BECC}.Debug|Any CPU.Build.0 = Debug|Any CPU
		{F99097BC-A437-49A7-8901-2F68D734BECC}.Release|Any CPU.ActiveCfg = Release|Any CPU
		{F99097BC-A437-49A7-8901-2F68D734BECC}.Release|Any CPU.Build.0 = Release|Any CPU
	EndGlobalSection
	GlobalSection(SolutionProperties) = preSolution
		HideSolutionNode = FALSE
	EndGlobalSection
	GlobalSection(ExtensibilityGlobals) = postSolution
		SolutionGuid = {6529E91C-3E5D-4AA2-82E2-8911A1AAB2DD}
	EndGlobalSection
EndGlobal
